
Microsoft Visual Studio Solution File, Format Version 12.00
# Visual Studio Version 17
VisualStudioVersion = 17.9.34723.18
MinimumVisualStudioVersion = 10.0.40219.1
Project("{FAE04EC0-301F-11D3-BF4B-00C04F79EFBC}") = "CybrEngine", "CybrEngine.csproj", "{8D28C10B-5F48-4171-93D4-9B63F26C2EE1}"
EndProject
Global
	GlobalSection(SolutionConfigurationPlatforms) = preSolution
		Debug|Any CPU = Debug|Any CPU
		Release|Any CPU = Release|Any CPU
	EndGlobalSection
	GlobalSection(ProjectConfigurationPlatforms) = postSolution
		{8D28C10B-5F48-4171-93D4-9B63F26C2EE1}.Debug|Any CPU.ActiveCfg = Debug|Any CPU
		{8D28C10B-5F48-4171-93D4-9B63F26C2EE1}.Debug|Any CPU.Build.0 = Debug|Any CPU
		{8D28C10B-5F48-4171-93D4-9B63F26C2EE1}.Release|Any CPU.ActiveCfg = Release|Any CPU
		{8D28C10B-5F48-4171-93D4-9B63F26C2EE1}.Release|Any CPU.Build.0 = Release|Any CPU
	EndGlobalSection
	GlobalSection(SolutionProperties) = preSolution
		HideSolutionNode = FALSE
	EndGlobalSection
	GlobalSection(ExtensibilityGlobals) = postSolution
		SolutionGuid = {B39DEE6A-0A5B-4444-9C9D-42F5FF7E176A}
	EndGlobalSection
EndGlobal
